{
    "_meta": {
        "hash": {
            "sha256": "b4a533c276cc9b89b506de9007fbe2210b33f8322ea81f62989117e5ec3adc54"
        },
        "pipfile-spec": 6,
        "requires": {
            "python_version": "3.7"
        },
        "sources": [
            {
                "name": "pypi",
                "url": "https://pypi.org/simple",
                "verify_ssl": true
            }
        ]
    },
    "default": {
        "urllib3": {
            "hashes": [
                "sha256:13abf37382ea2ce6fb744d4dad67838eec857c9f4f57009891805e0b5e123594",
                "sha256:ef16afa8ba34a1f989db38e1dbbe0c302e4289a47856990d0682e374563ce35e"
            ],
            "index": "pypi",
            "markers": "python_version >= '3.7'",
            "version": "==2.0.5"
        }
    },
    "develop": {}
}
