# This file is automatically @generated by Poetry 2.1.1 and should not be changed by hand.

[[package]]
name = "gunicorn"
version = "23.0.0"
description = "WSGI HTTP Server for UNIX"
optional = false
python-versions = ">=3.7"
groups = ["main"]
files = []
develop = true

[package.dependencies]
packaging = "*"

[package.extras]
eventlet = ["eventlet (>=0.24.1,!=0.36.0)"]
gevent = ["gevent (>=1.4.0)"]
setproctitle = ["setproctitle"]
testing = ["coverage", "eventlet", "gevent", "pytest", "pytest-cov"]
tornado = ["tornado (>=0.2)"]

[package.source]
type = "git"
url = "https://github.com/benoitc/gunicorn.git"
reference = "HEAD"
resolved_reference = "bacbf8aa5152b94e44aa5d2a94aeaf0318a85248"

[[package]]
name = "local-package-pyproject-toml"
version = "0.0.1"
description = ""
optional = false
python-versions = "*"
groups = ["main"]
files = []
develop = true

[package.source]
type = "directory"
url = "packages/local_package_pyproject_toml"

[[package]]
name = "local_package_setup_py"
version = "0.0.1"
description = ""
optional = false
python-versions = "*"
groups = ["main"]
files = []
develop = true

[package.source]
type = "directory"
url = "packages/local_package_setup_py"

[[package]]
name = "packaging"
version = "24.2"
description = "Core utilities for Python packages"
optional = false
python-versions = ">=3.8"
groups = ["main"]
files = [
    {file = "packaging-24.2-py3-none-any.whl", hash = "sha256:09abb1bccd265c01f4a3aa3f7a7db064b36514d2cba19a2f694fe6150451a759"},
    {file = "packaging-24.2.tar.gz", hash = "sha256:c228a6dc5e932d346bc5739379109d49e8853dd8223571c7c5b55260edc0b97f"},
]

[metadata]
lock-version = "2.1"
python-versions = "^3.13"
content-hash = "f3fb8b00f781abfc5c963f9a266d16757b9b92cc415866eb28f156b4083fbf48"
