# This file is automatically @generated by Poetry 2.5.1 and should not be changed by hand.

[[package]]
name = "gunicorn"
version = "26.2.2"
description = "WSGI HTTP Server for UNIX"
optional = false
python-versions = ">=3.10"
groups = ["main"]
files = []
develop = true

[package.extras]
fast = ["gunicorn_h1c (>=0.6.9)"]
gevent = ["gevent (>=24.10.1)", "packaging"]
http2 = ["h2 (>=4.4.1)"]
setproctitle = ["setproctitle"]
testing = ["coverage", "gevent (>=24.10.1)", "h2 (>=4.4.1)", "httpx[http2] (>=0.23.0)", "inotify (>=0.2.10) ; sys_platform == \"linux\"", "packaging", "pytest (>=9.0.3)", "pytest-asyncio", "pytest-cov", "uvloop (>=0.19.0)"]
tornado = ["tornado (>=6.5.7)"]

[package.source]
type = "git"
url = "https://github.com/benoitc/gunicorn.git"
reference = "HEAD"
resolved_reference = "afc7d2fd5dd9f1de455b1be6c10044030c0adf8e"

[[package]]
name = "local-package-pyproject-toml"
version = "0.0.1"
description = ""
optional = false
python-versions = "*"
groups = ["main"]
files = []
develop = true

[package.source]
type = "directory"
url = "packages/local_package_pyproject_toml"

[[package]]
name = "local_package_setup_py"
version = "0.0.1"
description = ""
optional = false
python-versions = "*"
groups = ["main"]
files = []
develop = true

[package.source]
type = "directory"
url = "packages/local_package_setup_py"

[metadata]
lock-version = "2.1"
python-versions = "^3.14"
content-hash = "f0f202f553940509c2ae9bfc77fdd0df2448f9df01eee351f823249128699160"
