{
    "_meta": {
        "hash": {
            "sha256": "5f4af5700c245f61e22d09479627ca936d458a6aa693452337170f369c642f40"
        },
        "pipfile-spec": 6,
        "requires": {
            "python_full_version": "3.12.2"
        },
        "sources": [
            {
                "name": "pypi",
                "url": "https://pypi.org/simple",
                "verify_ssl": true
            }
        ]
    },
    "default": {
        "urllib3": {
            "hashes": [
                "sha256:450b20ec296a467077128bff42b73080516e71b56ff59a60a02bef2232c4fa9d",
                "sha256:d0570876c61ab9e520d776c38acbbb5b05a776d3f9ff98a5c8fd5162a444cf19"
            ],
            "index": "pypi",
            "markers": "python_version >= '3.8'",
            "version": "==2.2.1"
        }
    },
    "develop": {}
}
