{
    "_meta": {
        "hash": {
            "sha256": "76bbc9cda0ef0576bfaac66930845fc9f994ca85ed19a19bc8c6f4f3a0b8efa9"
        },
        "pipfile-spec": 6,
        "requires": {
            "python_version": "2.7"
        },
        "sources": [
            {
                "name": "pypi",
                "url": "https://pypi.org/simple",
                "verify_ssl": true
            }
        ]
    },
    "default": {
        "urllib3": {
            "hashes": [
                "sha256:076907bf8fd355cde77728471316625a4d2f7e713c125f51953bb5b3eecf4f72",
                "sha256:75edcdc2f7d85b137124a6c3c9fc3933cdeaa12ecb9a6a959f22797a0feca7e1"
            ],
            "index": "pypi",
            "version": "==1.26.14"
        }
    },
    "develop": {}
}
