{
    "_meta": {
        "hash": {
            "sha256": "5de61064f835cc6b28000b3ac1b7b5c38a40829ccc38ff46088e36bb3bd628fa"
        },
        "pipfile-spec": 6,
        "requires": {},
        "sources": [
            {
                "name": "pypi",
                "url": "https://pypi.org/simple",
                "verify_ssl": true
            }
        ]
    },
    "default": {
        "gunicorn": {
            "editable": true,
            "git": "git+https://github.com/benoitc/gunicorn",
            "markers": "python_version >= '3.7'",
            "ref": "61ccfd6c38d477a908e0f376757bbb884438053a"
        },
        "local-package-pyproject-toml": {
            "editable": true,
            "file": "packages/local_package_pyproject_toml"
        },
        "local-package-setup-py": {
            "editable": true,
            "file": "packages/local_package_setup_py"
        },
        "setuptools": {
            "hashes": [
                "sha256:8199222558df7c86216af4f84c30e9b34a61d8ba19366cc914424cdbd28252f6",
                "sha256:ce74b49e8f7110f9bf04883b730f4765b774ef3ef28f722cce7c273d253aaf7d"
            ],
            "markers": "python_version >= '3.9'",
            "version": "==75.6.0"
        }
    },
    "develop": {}
}
