{
    "_meta": {
        "hash": {
            "sha256": "bedd8ea507283c5458c9c2cb1fd55a6e5e69fecba7814ffc96bf25e03feaeabf"
        },
        "pipfile-spec": 6,
        "requires": {},
        "sources": [
            {
                "name": "pypi",
                "url": "https://pypi.org/simple",
                "verify_ssl": true
            }
        ]
    },
    "default": {
        "gunicorn": {
            "editable": true,
            "git": "git+https://github.com/benoitc/gunicorn",
            "markers": "python_version >= '3.7'",
            "ref": "56b5ad87f8d72a674145c273ed8f547513c2b409"
        },
        "local-package-pyproject-toml": {
            "editable": true,
            "file": "packages/local_package_pyproject_toml"
        },
        "local-package-setup-py": {
            "editable": true,
            "file": "packages/local_package_setup_py"
        },
        "packaging": {
            "hashes": [
                "sha256:29572ef2b1f17581046b3a2227d5c611fb25ec70ca1ba8554b24b0e69331a484",
                "sha256:d443872c98d677bf60f6a1f2f8c1cb748e8fe762d2bf9d3148b5599295b0fc4f"
            ],
            "markers": "python_version >= '3.8'",
            "version": "==25.0"
        },
        "pipenv-editable": {
            "editable": true,
            "file": "."
        }
    },
    "develop": {}
}
