# This file is automatically @generated by Poetry 2.5.1 and should not be changed by hand.

[[package]]
name = "extension.dist"
version = "0.1"
description = "A testing distribution ☃"
optional = false
python-versions = "*"
groups = ["main"]
files = []
develop = true

[package.source]
type = "git"
url = "https://github.com/pypa/wheel.git"
reference = "0.45.1"
resolved_reference = "7855525de4093257e7bfb434877265e227356566"
subdirectory = "tests/testdata/extension.dist"

[metadata]
lock-version = "2.1"
python-versions = ">=3.14"
content-hash = "6383e3943aa34d09bcb9d50edf4f8382d0352ad5bcb5849d0cf450548b45f078"
