{
    "_meta": {
        "hash": {
            "sha256": "c629159445d228792003fe74526738c9155072a74a29f2d4920fc8aab878db0a"
        },
        "pipfile-spec": 6,
        "requires": {
            "python_full_version": "3.9.*"
        },
        "sources": [
            {
                "name": "pypi",
                "url": "https://pypi.org/simple",
                "verify_ssl": true
            }
        ]
    },
    "default": {
        "urllib3": {
            "hashes": [
                "sha256:ca899ca043dcb1bafa3e262d73aa25c465bfb49e0bd9dd5d59f1d0acba2f8fac",
                "sha256:e7d814a81dad81e6caf2ec9fdedb284ecc9c73076b62654547cc64ccdcae26e9"
            ],
            "index": "pypi",
            "markers": "python_version >= '3.8'",
            "version": "==2.2.3"
        }
    },
    "develop": {}
}
